
Microsoft Visual Studio Solution File, Format Version 12.00
# 
Project("{FAE04EC0-301F-11D3-BF4B-00C04F79EFBC}") = "GenericMicroservices", "GenericMicroservices\GenericMicroservices.csproj", "{F0D9FA44-AD90-441C-9BFA-002FD9648BD1}"
EndProject
Project("{FAE04EC0-301F-11D3-BF4B-00C04F79EFBC}") = "Demo.Gateway", "Demo.Gateway\Demo.Gateway.csproj", "{785693D6-9557-46AE-8328-91A7F68D1A0B}"
EndProject
Project("{FAE04EC0-301F-11D3-BF4B-00C04F79EFBC}") = "Demo.RealTime", "Demo.RealTime\Demo.RealTime.csproj", "{7C06A065-0C05-4F86-A2F2-3A5BE245624A}"
EndProject
Project("{FAE04EC0-301F-11D3-BF4B-00C04F79EFBC}") = "Demo.Contracts", "Demo.Contracts\Demo.Contracts.csproj", "{F9615A66-C63F-4111-AB66-ECDDB0F9E9C1}"
EndProject
Project("{FAE04EC0-301F-11D3-BF4B-00C04F79EFBC}") = "Demo.Worker", "Demo.Worker\Demo.Worker.csproj", "{BF6BD51D-35F9-4FF4-8BE9-D45DBFB776C6}"
EndProject
Project("{FAE04EC0-301F-11D3-BF4B-00C04F79EFBC}") = "Demo.GrpcService", "Demo.GrpcService\Demo.GrpcService.csproj", "{4CD0D1B5-515D-42B6-901F-7910F9D2B1CB}"
EndProject
Project("{FAE04EC0-301F-11D3-BF4B-00C04F79EFBC}") = "Demo.GrpcTestConsole", "Demo.GrpcTestConsole\Demo.GrpcTestConsole.csproj", "{77294E81-C059-459B-9145-4DFAD888E3F1}"
EndProject
Global
	GlobalSection(SolutionConfigurationPlatforms) = preSolution
		Debug|Any CPU = Debug|Any CPU
		Release|Any CPU = Release|Any CPU
	EndGlobalSection
	GlobalSection(ProjectConfigurationPlatforms) = postSolution
		{F0D9FA44-AD90-441C-9BFA-002FD9648BD1}.Debug|Any CPU.ActiveCfg = Debug|Any CPU
		{F0D9FA44-AD90-441C-9BFA-002FD9648BD1}.Debug|Any CPU.Build.0 = Debug|Any CPU
		{F0D9FA44-AD90-441C-9BFA-002FD9648BD1}.Release|Any CPU.ActiveCfg = Release|Any CPU
		{F0D9FA44-AD90-441C-9BFA-002FD9648BD1}.Release|Any CPU.Build.0 = Release|Any CPU
		{785693D6-9557-46AE-8328-91A7F68D1A0B}.Debug|Any CPU.ActiveCfg = Debug|Any CPU
		{785693D6-9557-46AE-8328-91A7F68D1A0B}.Debug|Any CPU.Build.0 = Debug|Any CPU
		{785693D6-9557-46AE-8328-91A7F68D1A0B}.Release|Any CPU.ActiveCfg = Release|Any CPU
		{785693D6-9557-46AE-8328-91A7F68D1A0B}.Release|Any CPU.Build.0 = Release|Any CPU
		{7C06A065-0C05-4F86-A2F2-3A5BE245624A}.Debug|Any CPU.ActiveCfg = Debug|Any CPU
		{7C06A065-0C05-4F86-A2F2-3A5BE245624A}.Debug|Any CPU.Build.0 = Debug|Any CPU
		{7C06A065-0C05-4F86-A2F2-3A5BE245624A}.Release|Any CPU.ActiveCfg = Release|Any CPU
		{7C06A065-0C05-4F86-A2F2-3A5BE245624A}.Release|Any CPU.Build.0 = Release|Any CPU
		{F9615A66-C63F-4111-AB66-ECDDB0F9E9C1}.Debug|Any CPU.ActiveCfg = Debug|Any CPU
		{F9615A66-C63F-4111-AB66-ECDDB0F9E9C1}.Debug|Any CPU.Build.0 = Debug|Any CPU
		{F9615A66-C63F-4111-AB66-ECDDB0F9E9C1}.Release|Any CPU.ActiveCfg = Release|Any CPU
		{F9615A66-C63F-4111-AB66-ECDDB0F9E9C1}.Release|Any CPU.Build.0 = Release|Any CPU
		{BF6BD51D-35F9-4FF4-8BE9-D45DBFB776C6}.Debug|Any CPU.ActiveCfg = Debug|Any CPU
		{BF6BD51D-35F9-4FF4-8BE9-D45DBFB776C6}.Debug|Any CPU.Build.0 = Debug|Any CPU
		{BF6BD51D-35F9-4FF4-8BE9-D45DBFB776C6}.Release|Any CPU.ActiveCfg = Release|Any CPU
		{BF6BD51D-35F9-4FF4-8BE9-D45DBFB776C6}.Release|Any CPU.Build.0 = Release|Any CPU
		{4CD0D1B5-515D-42B6-901F-7910F9D2B1CB}.Debug|Any CPU.ActiveCfg = Debug|Any CPU
		{4CD0D1B5-515D-42B6-901F-7910F9D2B1CB}.Debug|Any CPU.Build.0 = Debug|Any CPU
		{4CD0D1B5-515D-42B6-901F-7910F9D2B1CB}.Release|Any CPU.ActiveCfg = Release|Any CPU
		{4CD0D1B5-515D-42B6-901F-7910F9D2B1CB}.Release|Any CPU.Build.0 = Release|Any CPU
		{77294E81-C059-459B-9145-4DFAD888E3F1}.Debug|Any CPU.ActiveCfg = Debug|Any CPU
		{77294E81-C059-459B-9145-4DFAD888E3F1}.Debug|Any CPU.Build.0 = Debug|Any CPU
		{77294E81-C059-459B-9145-4DFAD888E3F1}.Release|Any CPU.ActiveCfg = Release|Any CPU
		{77294E81-C059-459B-9145-4DFAD888E3F1}.Release|Any CPU.Build.0 = Release|Any CPU
	EndGlobalSection
EndGlobal
