
Microsoft Visual Studio Solution File, Format Version 12.00
# 
Project("{FAE04EC0-301F-11D3-BF4B-00C04F79EFBC}") = "GenericMicroservices", "GenericMicroservices\GenericMicroservices.csproj", "{F0D9FA44-AD90-441C-9BFA-002FD9648BD1}"
EndProject
Project("{FAE04EC0-301F-11D3-BF4B-00C04F79EFBC}") = "Demo.Gateway", "Demo.Gateway\Demo.Gateway.csproj", "{785693D6-9557-46AE-8328-91A7F68D1A0B}"
EndProject
Project("{FAE04EC0-301F-11D3-BF4B-00C04F79EFBC}") = "Demo.RealTime", "Demo.RealTime\Demo.RealTime.csproj", "{7C06A065-0C05-4F86-A2F2-3A5BE245624A}"
EndProject
Global
	GlobalSection(SolutionConfigurationPlatforms) = preSolution
		Debug|Any CPU = Debug|Any CPU
		Release|Any CPU = Release|Any CPU
	EndGlobalSection
	GlobalSection(ProjectConfigurationPlatforms) = postSolution
		{F0D9FA44-AD90-441C-9BFA-002FD9648BD1}.Debug|Any CPU.ActiveCfg = Debug|Any CPU
		{F0D9FA44-AD90-441C-9BFA-002FD9648BD1}.Debug|Any CPU.Build.0 = Debug|Any CPU
		{F0D9FA44-AD90-441C-9BFA-002FD9648BD1}.Release|Any CPU.ActiveCfg = Release|Any CPU
		{F0D9FA44-AD90-441C-9BFA-002FD9648BD1}.Release|Any CPU.Build.0 = Release|Any CPU
		{785693D6-9557-46AE-8328-91A7F68D1A0B}.Debug|Any CPU.ActiveCfg = Debug|Any CPU
		{785693D6-9557-46AE-8328-91A7F68D1A0B}.Debug|Any CPU.Build.0 = Debug|Any CPU
		{785693D6-9557-46AE-8328-91A7F68D1A0B}.Release|Any CPU.ActiveCfg = Release|Any CPU
		{785693D6-9557-46AE-8328-91A7F68D1A0B}.Release|Any CPU.Build.0 = Release|Any CPU
		{7C06A065-0C05-4F86-A2F2-3A5BE245624A}.Debug|Any CPU.ActiveCfg = Debug|Any CPU
		{7C06A065-0C05-4F86-A2F2-3A5BE245624A}.Debug|Any CPU.Build.0 = Debug|Any CPU
		{7C06A065-0C05-4F86-A2F2-3A5BE245624A}.Release|Any CPU.ActiveCfg = Release|Any CPU
		{7C06A065-0C05-4F86-A2F2-3A5BE245624A}.Release|Any CPU.Build.0 = Release|Any CPU
	EndGlobalSection
EndGlobal
